
Microsoft Visual Studio Solution File, Format Version 12.00
# Visual Studio Version 17
VisualStudioVersion = 17.4.33110.190
MinimumVisualStudioVersion = 10.0.40219.1
Project("{2150E333-8FDC-42A3-9474-1A3956D46DE8}") = "src", "src", "{0D5C8092-F402-46BB-B2E9-A71BEA1F4B19}"
EndProject
Project("{9A19103F-16F7-4668-BE54-9A1E7A4F7556}") = "Core", "src\Core\Core.csproj", "{40A12E2D-390E-4AD6-8EA4-AE8D2B4CB4C1}"
EndProject
Project("{9A19103F-16F7-4668-BE54-9A1E7A4F7556}") = "Web", "src\Web\Web.csproj", "{A0A40B5F-5926-47B1-A044-2244C643B46D}"
EndProject
Project("{FAE04EC0-301F-11D3-BF4B-00C04F79EFBC}") = "Functions", "src\Functions\Functions.csproj", "{A90E4556-5E37-4025-AB02-946912386F3D}"
EndProject
Global
	GlobalSection(SolutionConfigurationPlatforms) = preSolution
		Debug|Any CPU = Debug|Any CPU
		Release|Any CPU = Release|Any CPU
	EndGlobalSection
	GlobalSection(ProjectConfigurationPlatforms) = postSolution
		{40A12E2D-390E-4AD6-8EA4-AE8D2B4CB4C1}.Debug|Any CPU.ActiveCfg = Debug|Any CPU
		{40A12E2D-390E-4AD6-8EA4-AE8D2B4CB4C1}.Debug|Any CPU.Build.0 = Debug|Any CPU
		{40A12E2D-390E-4AD6-8EA4-AE8D2B4CB4C1}.Release|Any CPU.ActiveCfg = Release|Any CPU
		{40A12E2D-390E-4AD6-8EA4-AE8D2B4CB4C1}.Release|Any CPU.Build.0 = Release|Any CPU
		{A0A40B5F-5926-47B1-A044-2244C643B46D}.Debug|Any CPU.ActiveCfg = Debug|Any CPU
		{A0A40B5F-5926-47B1-A044-2244C643B46D}.Debug|Any CPU.Build.0 = Debug|Any CPU
		{A0A40B5F-5926-47B1-A044-2244C643B46D}.Release|Any CPU.ActiveCfg = Release|Any CPU
		{A0A40B5F-5926-47B1-A044-2244C643B46D}.Release|Any CPU.Build.0 = Release|Any CPU
		{A90E4556-5E37-4025-AB02-946912386F3D}.Debug|Any CPU.ActiveCfg = Debug|Any CPU
		{A90E4556-5E37-4025-AB02-946912386F3D}.Debug|Any CPU.Build.0 = Debug|Any CPU
		{A90E4556-5E37-4025-AB02-946912386F3D}.Release|Any CPU.ActiveCfg = Release|Any CPU
		{A90E4556-5E37-4025-AB02-946912386F3D}.Release|Any CPU.Build.0 = Release|Any CPU
	EndGlobalSection
	GlobalSection(SolutionProperties) = preSolution
		HideSolutionNode = FALSE
	EndGlobalSection
	GlobalSection(NestedProjects) = preSolution
		{40A12E2D-390E-4AD6-8EA4-AE8D2B4CB4C1} = {0D5C8092-F402-46BB-B2E9-A71BEA1F4B19}
		{A0A40B5F-5926-47B1-A044-2244C643B46D} = {0D5C8092-F402-46BB-B2E9-A71BEA1F4B19}
		{A90E4556-5E37-4025-AB02-946912386F3D} = {0D5C8092-F402-46BB-B2E9-A71BEA1F4B19}
	EndGlobalSection
	GlobalSection(ExtensibilityGlobals) = postSolution
		SolutionGuid = {8A3E2384-DCF2-4DB7-95C5-AD917550A45A}
	EndGlobalSection
EndGlobal
